{
  "name": "miniprogram-canvas-map-example",
  "version": "1.0.0",
  "lockfileVersion": 3,
  "requires": true,
  "packages": {
    "": {
      "name": "miniprogram-canvas-map-example",
      "version": "1.0.0",
      "dependencies": {
        "miniprogram-canvas-map": "file:../packages/miniprogram-canvas-map"
      }
    },
    "../packages/miniprogram-canvas-map": {
      "version": "1.0.0",
      "license": "MIT",
      "engines": {
        "node": ">=14"
      }
    },
    "node_modules/miniprogram-canvas-map": {
      "resolved": "../packages/miniprogram-canvas-map",
      "link": true
    }
  }
}
